{
	"_OFProjectGeneratorVersion": "0.103.0",
	"archiveVersion": "1",
	"classes": {},
	"objectVersion": "54",
	"objects": {
		"002AFF29-AB26-48B0-A037-2590DDA9041F": {
			"fileEncoding": "4",
			"isa": "PBXFileReference",
			"lastKnownFileType": "sourcecode.cpp.h",
			"name": "ofxSlider.h",
			"sourceTree": "<group>"
		},
		"00D32E0E-1E17-44B7-A900-80428AC19AB1": {
			"fileEncoding": "4",
			"isa": "PBXFileReference",
			"lastKnownFileType": "sourcecode.cpp.cpp",
			"name": "imgui.cpp",
			"sourceTree": "<group>"
		},
		"03E93374-5B11-4CB3-A88F-2D90A3D64C21": {
			"fileEncoding": "4",
			"isa": "PBXFileReference",
			"lastKnownFileType": "sourcecode.cpp.cpp",
			"name": "ofxGuiGroup.cpp",
			"sourceTree": "<group>"
		},
		"066262BB-498C-424D-AFE7-B08061C87590": {
			"fileRef": "F46A113F-F08D-4432-948E-0F1D248D263F",
			"isa": "PBXBuildFile"
		},
		"07AC5525-1763-4703-A814-95CE50D2FE25": {
			"fileRef": "B7E41218-C46F-4C9B-AB8D-076483687173",
			"isa": "PBXBuildFile"
		},
		"0BEB15F5-5BD3-4459-9C6A-E25AFD49E568": {
			"fileEncoding": "4",
			"isa": "PBXFileReference",
			"lastKnownFileType": "sourcecode.cpp.cpp",
			"name": "ofxColorPicker.cpp",
			"sourceTree": "<group>"
		},
		"0D4502ED-FC9A-421B-982F-9D9D8C10A47C": {
			"children": [
				"DBCCB40C-5DA6-477F-83E3-F0BDC6BC0F7F",
				"EC73661A-C8A4-4109-9F6F-458D19CF7DE6",
				"F3835E1D-318E-448F-9256-D6F433A2E1D1",
				"C403DAF7-08DB-46D5-891F-955EF77B1C30",
				"1DC862E4-2C61-4AE0-9F16-340CDB77536F",
				"2AEC68AA-793F-44B2-9F6E-607F94302805",
				"60EAEE9A-9118-4F91-B41B-3EBEC75930BE",
				"64EADEE5-5956-44B2-A5A7-9AF3B6EC83A2",
				"AF391C91-38D7-4E34-9DDA-717C18D1F407",
				"987FFBF5-63AC-4867-8B9F-0AA4C08F5BA3",
				"5BA4523C-5F0B-4AEF-93A9-23E79DC15F6C",
				"BB1501E0-AAB6-4291-A2F6-6B234C575B14",
				"2C1C1CFF-DD74-4E44-AD95-23142E3DAD3D",
				"675CA0D0-B61F-4CEC-8D52-61BB12A53A0D",
				"3A26AA16-E009-48DC-BC30-584E22BC6214",
				"C8A8AAD8-8E71-4433-92A2-044B9365B03B",
				"303014AA-15E1-421B-BB15-26B69C808738",
				"BE4D4312-E0A0-4EA1-8EB2-190798066BE7",
				"F3B79F0C-DF6C-46AB-B5C6-5EBCEFB2F447"
			],
			"isa": "PBXGroup",
			"name": "src",
			"path": "src",
			"sourceTree": "<group>"
		},
		"144A5EE9-958D-448C-A128-75FFA82D53B9": {
			"fileRef": "03E93374-5B11-4CB3-A88F-2D90A3D64C21",
			"isa": "PBXBuildFile"
		},
		"16E69FF1-F2D0-485A-BEFD-465D6C31B062": {
			"fileEncoding": "4",
			"isa": "PBXFileReference",
			"lastKnownFileType": "sourcecode.cpp.h",
			"name": "ImGuiHelpers.h",
			"sourceTree": "<group>"
		},
		"191CD6FA2847E21E0085CBB6": {
			"fileEncoding": "4",
			"isa": "PBXFileReference",
			"lastKnownFileType": "text.plist.entitlements",
			"path": "of.entitlements",
			"sourceTree": "<group>"
		},
		"191EF70929D778A400F35F26": {
			"isa": "PBXFileReference",
			"lastKnownFileType": "folder",
			"name": "openFrameworks",
			"path": "/Users/xuchenghao/Documents/OpenFramework/libs/openFrameworks",
			"sourceTree": "<absolute>"
		},
		"1957AAD7-246B-4A1E-9AAC-2E414D7BC132": {
			"fileEncoding": "4",
			"isa": "PBXFileReference",
			"lastKnownFileType": "sourcecode.cpp.cpp",
			"name": "ofxButton.cpp",
			"sourceTree": "<group>"
		},
		"19B789C429E5AB4A0082E9B8": {
			"alwaysOutOfDate": "1",
			"buildActionMask": "2147483647",
			"files": [],
			"inputFileListPaths": [],
			"inputPaths": [],
			"isa": "PBXShellScriptBuildPhase",
			"outputFileListPaths": [],
			"outputPaths": [],
			"runOnlyForDeploymentPostprocessing": "0",
			"shellPath": "/bin/sh",
			"shellScript": "\"$OF_PATH/scripts/osx/xcode_project.sh\"\n",
			"showEnvVarsInLog": "0"
		},
		"1D0A4A4E-9AEB-4586-AAB9-3772661AB3C2": {
			"fileRef": "6E0FFD87-1656-4B32-892B-3EA6F519E269",
			"isa": "PBXBuildFile"
		},
		"1DC862E4-2C61-4AE0-9F16-340CDB77536F": {
			"fileEncoding": "4",
			"isa": "PBXFileReference",
			"lastKnownFileType": "sourcecode.cpp.h",
			"name": "DefaultTheme.h",
			"sourceTree": "<group>"
		},
		"208EC7F2-5F3A-4D34-BC57-D32F471897E3": {
			"fileRef": "E68A98FB-5E3C-49B3-926E-B2C1B18DEC33",
			"isa": "PBXBuildFile"
		},
		"221B5444-8CAA-476C-9F65-D6947B24B0B5": {
			"fileEncoding": "4",
			"isa": "PBXFileReference",
			"lastKnownFileType": "sourcecode.cpp.cpp",
			"name": "ofxInputField.cpp",
			"sourceTree": "<group>"
		},
		"254516EF-0730-4F2B-8058-6180824AC155": {
			"fileRef": "C403DAF7-08DB-46D5-891F-955EF77B1C30",
			"isa": "PBXBuildFile"
		},
		"25F4985F-68AC-4CE6-A70F-2F2F0B9D8B91": {
			"fileEncoding": "4",
			"isa": "PBXFileReference",
			"lastKnownFileType": "sourcecode.cpp.h",
			"name": "ofxButton.h",
			"sourceTree": "<group>"
		},
		"285E561C-2B70-4884-9973-F542B81A2B59": {
			"fileEncoding": "4",
			"isa": "PBXFileReference",
			"lastKnownFileType": "folder",
			"name": "data",
			"path": "bin/data",
			"sourceTree": "SOURCE_ROOT"
		},
		"2AEC68AA-793F-44B2-9F6E-607F94302805": {
			"fileEncoding": "4",
			"isa": "PBXFileReference",
			"lastKnownFileType": "sourcecode.cpp.cpp",
			"name": "EngineGLFW.cpp",
			"sourceTree": "<group>"
		},
		"2BCDEB7E-D03F-4E8A-B123-806905413629": {
			"children": [
				"9C090165-4448-4718-97D5-460C6E7D9DF6"
			],
			"isa": "PBXGroup",
			"name": "libs",
			"path": "libs",
			"sourceTree": "<group>"
		},
		"2C1C1CFF-DD74-4E44-AD95-23142E3DAD3D": {
			"fileEncoding": "4",
			"isa": "PBXFileReference",
			"lastKnownFileType": "sourcecode.cpp.h",
			"name": "Gui.h",
			"sourceTree": "<group>"
		},
		"2DB48533-4F77-43FF-9868-592A43CE3571": {
			"fileRef": "221B5444-8CAA-476C-9F65-D6947B24B0B5",
			"isa": "PBXBuildFile"
		},
		"303014AA-15E1-421B-BB15-26B69C808738": {
			"fileEncoding": "4",
			"isa": "PBXFileReference",
			"lastKnownFileType": "sourcecode.cpp.h",
			"name": "ofxImGui.h",
			"sourceTree": "<group>"
		},
		"3A26AA16-E009-48DC-BC30-584E22BC6214": {
			"fileEncoding": "4",
			"isa": "PBXFileReference",
			"lastKnownFileType": "sourcecode.cpp.h",
			"name": "ImHelpers.h",
			"sourceTree": "<group>"
		},
		"3E0E2EFB-026D-4C36-8B99-D43399E8EFB3": {
			"fileEncoding": "4",
			"isa": "PBXFileReference",
			"lastKnownFileType": "sourcecode.cpp.cpp",
			"name": "ofxPanel.cpp",
			"sourceTree": "<group>"
		},
		"3F02E645-DB4A-45A2-9CF3-5034756DBEC8": {
			"fileRef": "987FFBF5-63AC-4867-8B9F-0AA4C08F5BA3",
			"isa": "PBXBuildFile"
		},
		"3F4726FE-D274-4CE9-907D-2B44C15F916B": {
			"fileEncoding": "4",
			"isa": "PBXFileReference",
			"lastKnownFileType": "sourcecode.cpp.cpp",
			"name": "ofxSliderGroup.cpp",
			"sourceTree": "<group>"
		},
		"3F68D8D5-F5F7-49DB-9F82-7B4C121E376F": {
			"fileEncoding": "4",
			"isa": "PBXFileReference",
			"lastKnownFileType": "sourcecode.cpp.h",
			"name": "ofxToggle.h",
			"sourceTree": "<group>"
		},
		"55A99D1F-A282-4E19-BCEE-92D9BA99AC78": {
			"fileEncoding": "4",
			"isa": "PBXFileReference",
			"lastKnownFileType": "sourcecode.cpp.cpp",
			"name": "ofxToggle.cpp",
			"sourceTree": "<group>"
		},
		"59AC1080-A9FC-4523-A1E9-1F45ACAC8495": {
			"children": [
				"2BCDEB7E-D03F-4E8A-B123-806905413629",
				"0D4502ED-FC9A-421B-982F-9D9D8C10A47C"
			],
			"isa": "PBXGroup",
			"name": "ofxImGui",
			"path": "ofxImGui",
			"sourceTree": "<group>"
		},
		"5BA4523C-5F0B-4AEF-93A9-23E79DC15F6C": {
			"fileEncoding": "4",
			"isa": "PBXFileReference",
			"lastKnownFileType": "sourcecode.cpp.h",
			"name": "EngineVk.h",
			"sourceTree": "<group>"
		},
		"5DE1EA9C-A2AB-4413-9DB4-35A5C95A3DD2": {
			"fileEncoding": "4",
			"isa": "PBXFileReference",
			"lastKnownFileType": "sourcecode.cpp.h",
			"name": "ofxSliderGroup.h",
			"sourceTree": "<group>"
		},
		"60EAEE9A-9118-4F91-B41B-3EBEC75930BE": {
			"fileEncoding": "4",
			"isa": "PBXFileReference",
			"lastKnownFileType": "sourcecode.cpp.h",
			"name": "EngineGLFW.h",
			"sourceTree": "<group>"
		},
		"64100466-3284-49FD-8ABF-595D78560A9A": {
			"fileRef": "55A99D1F-A282-4E19-BCEE-92D9BA99AC78",
			"isa": "PBXBuildFile"
		},
		"64EADEE5-5956-44B2-A5A7-9AF3B6EC83A2": {
			"fileEncoding": "4",
			"isa": "PBXFileReference",
			"lastKnownFileType": "sourcecode.cpp.cpp",
			"name": "EngineOpenGLES.cpp",
			"sourceTree": "<group>"
		},
		"675CA0D0-B61F-4CEC-8D52-61BB12A53A0D": {
			"fileEncoding": "4",
			"isa": "PBXFileReference",
			"lastKnownFileType": "sourcecode.cpp.cpp",
			"name": "ImHelpers.cpp",
			"sourceTree": "<group>"
		},
		"6C7F6F87-8CAC-460E-B59A-00A4C6C25F67": {
			"fileEncoding": "4",
			"isa": "PBXFileReference",
			"lastKnownFileType": "sourcecode.cpp.h",
			"name": "Flock3D.h",
			"sourceTree": "<group>"
		},
		"6DBA9939-13D9-49BB-9037-6215A271217B": {
			"fileRef": "CAD3E9DF-47E0-42AE-AB8C-CF9F5D014F7A",
			"isa": "PBXBuildFile"
		},
		"6E0FFD87-1656-4B32-892B-3EA6F519E269": {
			"fileEncoding": "4",
			"isa": "PBXFileReference",
			"lastKnownFileType": "sourcecode.cpp.cpp",
			"name": "imgui_demo.cpp",
			"sourceTree": "<group>"
		},
		"6F863023-C03D-4A2A-9EDF-FD139218C9EC": {
			"fileEncoding": "4",
			"isa": "PBXFileReference",
			"lastKnownFileType": "sourcecode.cpp.h",
			"name": "ofxGuiUtils.h",
			"sourceTree": "<group>"
		},
		"70D38BBB-DAA8-4AE6-B354-E27E054DBC22": {
			"fileRef": "DBCCB40C-5DA6-477F-83E3-F0BDC6BC0F7F",
			"isa": "PBXBuildFile"
		},
		"74E19D69-925E-4D14-B7D1-0D66A7437845": {
			"fileEncoding": "4",
			"isa": "PBXFileReference",
			"lastKnownFileType": "sourcecode.cpp.h",
			"name": "ofxLabel.h",
			"sourceTree": "<group>"
		},
		"796B7288-9447-4C6E-9C46-4D7E355EFDE1": {
			"fileEncoding": "4",
			"isa": "PBXFileReference",
			"lastKnownFileType": "sourcecode.cpp.h",
			"name": "ofxBaseGui.h",
			"sourceTree": "<group>"
		},
		"7C1AF497-1949-488A-9457-25C7125BE262": {
			"fileRef": "1957AAD7-246B-4A1E-9AAC-2E414D7BC132",
			"isa": "PBXBuildFile"
		},
		"80E4D7D1-4E1C-4060-A720-1F657D0C0DBB": {
			"fileRef": "3E0E2EFB-026D-4C36-8B99-D43399E8EFB3",
			"isa": "PBXBuildFile"
		},
		"89EC421B-6F7E-4A90-B6CB-F8009C8EEB48": {
			"children": [
				"00D32E0E-1E17-44B7-A900-80428AC19AB1",
				"9E5A419E-C604-43CD-8502-5C1ECE738309",
				"6E0FFD87-1656-4B32-892B-3EA6F519E269",
				"8ACECDBE-AD39-4C0E-A922-B0AAD3F68D6D",
				"97CFCF85-2505-45DF-BCB5-0F15AC2C66C1",
				"BFD4417F-540A-43AA-B22B-493755891DB0",
				"BFF24DA7-6812-4C67-BBAA-F153B0AB43D3",
				"A37299C5-BB04-4B18-B711-4E15B8D44FA9",
				"92A42A74-137D-4726-976F-13130B757E4C"
			],
			"isa": "PBXGroup",
			"name": "src",
			"path": "src",
			"sourceTree": "<group>"
		},
		"8ACECDBE-AD39-4C0E-A922-B0AAD3F68D6D": {
			"fileEncoding": "4",
			"isa": "PBXFileReference",
			"lastKnownFileType": "sourcecode.cpp.cpp",
			"name": "imgui_draw.cpp",
			"sourceTree": "<group>"
		},
		"8E7B4DD5-1B1A-4DD9-AA77-33B0AA60FCB9": {
			"fileEncoding": "4",
			"isa": "PBXFileReference",
			"lastKnownFileType": "sourcecode.cpp.h",
			"name": "ofxGuiGroup.h",
			"sourceTree": "<group>"
		},
		"92A42A74-137D-4726-976F-13130B757E4C": {
			"fileEncoding": "4",
			"isa": "PBXFileReference",
			"lastKnownFileType": "sourcecode.cpp.h",
			"name": "imstb_truetype.h",
			"sourceTree": "<group>"
		},
		"977F21E7-4B8F-46CB-9684-79F1DCF24821": {
			"fileRef": "00D32E0E-1E17-44B7-A900-80428AC19AB1",
			"isa": "PBXBuildFile"
		},
		"97CFCF85-2505-45DF-BCB5-0F15AC2C66C1": {
			"fileEncoding": "4",
			"isa": "PBXFileReference",
			"lastKnownFileType": "sourcecode.cpp.h",
			"name": "imgui_internal.h",
			"sourceTree": "<group>"
		},
		"9843B8C0-F7CF-4FC5-9BEB-D6342B4716A4": {
			"fileEncoding": "4",
			"isa": "PBXFileReference",
			"lastKnownFileType": "sourcecode.cpp.cpp",
			"name": "ofxBaseGui.cpp",
			"sourceTree": "<group>"
		},
		"987FFBF5-63AC-4867-8B9F-0AA4C08F5BA3": {
			"fileEncoding": "4",
			"isa": "PBXFileReference",
			"lastKnownFileType": "sourcecode.cpp.cpp",
			"name": "EngineVk.cpp",
			"sourceTree": "<group>"
		},
		"9C090165-4448-4718-97D5-460C6E7D9DF6": {
			"children": [
				"89EC421B-6F7E-4A90-B6CB-F8009C8EEB48"
			],
			"isa": "PBXGroup",
			"name": "imgui",
			"path": "imgui",
			"sourceTree": "<group>"
		},
		"9E5954AD-FABB-457A-A449-536377C867B7": {
			"fileEncoding": "4",
			"isa": "PBXFileReference",
			"lastKnownFileType": "sourcecode.cpp.h",
			"name": "ofxPanel.h",
			"sourceTree": "<group>"
		},
		"9E5A419E-C604-43CD-8502-5C1ECE738309": {
			"fileEncoding": "4",
			"isa": "PBXFileReference",
			"lastKnownFileType": "sourcecode.cpp.h",
			"name": "imgui.h",
			"sourceTree": "<group>"
		},
		"A37299C5-BB04-4B18-B711-4E15B8D44FA9": {
			"fileEncoding": "4",
			"isa": "PBXFileReference",
			"lastKnownFileType": "sourcecode.cpp.h",
			"name": "imstb_textedit.h",
			"sourceTree": "<group>"
		},
		"ADAB36E7-F23B-4046-ACED-B882076A96A6": {
			"fileRef": "BB1501E0-AAB6-4291-A2F6-6B234C575B14",
			"isa": "PBXBuildFile"
		},
		"AF391C91-38D7-4E34-9DDA-717C18D1F407": {
			"fileEncoding": "4",
			"isa": "PBXFileReference",
			"lastKnownFileType": "sourcecode.cpp.h",
			"name": "EngineOpenGLES.h",
			"sourceTree": "<group>"
		},
		"B1BBEABD-9681-43C4-8661-A7146D2061C5": {
			"fileRef": "BE4D4312-E0A0-4EA1-8EB2-190798066BE7",
			"isa": "PBXBuildFile"
		},
		"B5F874F5-09B9-41A1-AFE9-A49D6FDF8E02": {
			"fileRef": "64EADEE5-5956-44B2-A5A7-9AF3B6EC83A2",
			"isa": "PBXBuildFile"
		},
		"B746D869-C8BA-42EB-B62E-D053CCDA6748": {
			"fileRef": "2AEC68AA-793F-44B2-9F6E-607F94302805",
			"isa": "PBXBuildFile"
		},
		"B7E41218-C46F-4C9B-AB8D-076483687173": {
			"fileEncoding": "4",
			"isa": "PBXFileReference",
			"lastKnownFileType": "sourcecode.cpp.cpp",
			"name": "ofxLabel.cpp",
			"sourceTree": "<group>"
		},
		"BAE4519C-776D-4C1C-91FC-A7375D4DB6B3": {
			"fileRef": "3F4726FE-D274-4CE9-907D-2B44C15F916B",
			"isa": "PBXBuildFile"
		},
		"BB1501E0-AAB6-4291-A2F6-6B234C575B14": {
			"fileEncoding": "4",
			"isa": "PBXFileReference",
			"lastKnownFileType": "sourcecode.cpp.cpp",
			"name": "Gui.cpp",
			"sourceTree": "<group>"
		},
		"BB4B014C10F69532006C3DED": {
			"children": [
				"D9844730-68C4-470C-9F5F-8DBE0C5F2CD4",
				"59AC1080-A9FC-4523-A1E9-1F45ACAC8495"
			],
			"isa": "PBXGroup",
			"name": "addons",
			"path": "/Users/xuchenghao/Documents/OpenFramework/addons",
			"sourceTree": "<absolute>"
		},
		"BC2B74FB-28A0-4975-B9B2-B66F33373F89": {
			"fileEncoding": "4",
			"isa": "PBXFileReference",
			"lastKnownFileType": "sourcecode.cpp.h",
			"name": "Synth.h",
			"sourceTree": "<group>"
		},
		"BE4D4312-E0A0-4EA1-8EB2-190798066BE7": {
			"fileEncoding": "4",
			"isa": "PBXFileReference",
			"lastKnownFileType": "sourcecode.cpp.cpp",
			"name": "ofxImGuiLoggerChannel.cpp",
			"sourceTree": "<group>"
		},
		"BEAFE649-F4CE-48CF-9826-844A8991E421": {
			"fileEncoding": "4",
			"isa": "PBXFileReference",
			"lastKnownFileType": "sourcecode.cpp.h",
			"name": "ofxInputField.h",
			"sourceTree": "<group>"
		},
		"BFD4417F-540A-43AA-B22B-493755891DB0": {
			"fileEncoding": "4",
			"isa": "PBXFileReference",
			"lastKnownFileType": "sourcecode.cpp.cpp",
			"name": "imgui_widgets.cpp",
			"sourceTree": "<group>"
		},
		"BFF24DA7-6812-4C67-BBAA-F153B0AB43D3": {
			"fileEncoding": "4",
			"isa": "PBXFileReference",
			"lastKnownFileType": "sourcecode.cpp.h",
			"name": "imstb_rectpack.h",
			"sourceTree": "<group>"
		},
		"C2A07DD1-CFCC-415B-AA8D-C4AEF0677236": {
			"fileRef": "BFD4417F-540A-43AA-B22B-493755891DB0",
			"isa": "PBXBuildFile"
		},
		"C403DAF7-08DB-46D5-891F-955EF77B1C30": {
			"fileEncoding": "4",
			"isa": "PBXFileReference",
			"lastKnownFileType": "sourcecode.cpp.cpp",
			"name": "DefaultTheme.cpp",
			"sourceTree": "<group>"
		},
		"C8A8AAD8-8E71-4433-92A2-044B9365B03B": {
			"fileEncoding": "4",
			"isa": "PBXFileReference",
			"lastKnownFileType": "sourcecode.cpp.h",
			"name": "imconfig.h",
			"sourceTree": "<group>"
		},
		"CAD3E9DF-47E0-42AE-AB8C-CF9F5D014F7A": {
			"fileEncoding": "4",
			"isa": "PBXFileReference",
			"lastKnownFileType": "sourcecode.cpp.cpp",
			"name": "Synth.cpp",
			"sourceTree": "<group>"
		},
		"CC9EA378-6010-49AF-8D41-50A30E3A379E": {
			"fileRef": "0BEB15F5-5BD3-4459-9C6A-E25AFD49E568",
			"isa": "PBXBuildFile"
		},
		"CEF19805-C43E-4614-9B81-4F2A5D4970C9": {
			"fileEncoding": "4",
			"isa": "PBXFileReference",
			"lastKnownFileType": "sourcecode.cpp.h",
			"name": "ofxColorPicker.h",
			"sourceTree": "<group>"
		},
		"D465433B-DF12-4E71-969B-A66E7376652D": {
			"fileRef": "675CA0D0-B61F-4CEC-8D52-61BB12A53A0D",
			"isa": "PBXBuildFile"
		},
		"D9844730-68C4-470C-9F5F-8DBE0C5F2CD4": {
			"children": [
				"DDD06944-6F51-43D0-8E5D-7B47C8174CC7"
			],
			"isa": "PBXGroup",
			"name": "ofxGui",
			"path": "ofxGui",
			"sourceTree": "<group>"
		},
		"DBBAA987-5A45-4C86-A827-CDCB0B94EEB4": {
			"fileEncoding": "4",
			"isa": "PBXFileReference",
			"lastKnownFileType": "sourcecode.cpp.h",
			"name": "ofxGui.h",
			"sourceTree": "<group>"
		},
		"DBCCB40C-5DA6-477F-83E3-F0BDC6BC0F7F": {
			"fileEncoding": "4",
			"isa": "PBXFileReference",
			"lastKnownFileType": "sourcecode.cpp.cpp",
			"name": "BaseEngine.cpp",
			"sourceTree": "<group>"
		},
		"DDD06944-6F51-43D0-8E5D-7B47C8174CC7": {
			"children": [
				"9843B8C0-F7CF-4FC5-9BEB-D6342B4716A4",
				"796B7288-9447-4C6E-9C46-4D7E355EFDE1",
				"1957AAD7-246B-4A1E-9AAC-2E414D7BC132",
				"25F4985F-68AC-4CE6-A70F-2F2F0B9D8B91",
				"0BEB15F5-5BD3-4459-9C6A-E25AFD49E568",
				"CEF19805-C43E-4614-9B81-4F2A5D4970C9",
				"DBBAA987-5A45-4C86-A827-CDCB0B94EEB4",
				"03E93374-5B11-4CB3-A88F-2D90A3D64C21",
				"8E7B4DD5-1B1A-4DD9-AA77-33B0AA60FCB9",
				"6F863023-C03D-4A2A-9EDF-FD139218C9EC",
				"221B5444-8CAA-476C-9F65-D6947B24B0B5",
				"BEAFE649-F4CE-48CF-9826-844A8991E421",
				"B7E41218-C46F-4C9B-AB8D-076483687173",
				"74E19D69-925E-4D14-B7D1-0D66A7437845",
				"3E0E2EFB-026D-4C36-8B99-D43399E8EFB3",
				"9E5954AD-FABB-457A-A449-536377C867B7",
				"F46A113F-F08D-4432-948E-0F1D248D263F",
				"002AFF29-AB26-48B0-A037-2590DDA9041F",
				"3F4726FE-D274-4CE9-907D-2B44C15F916B",
				"5DE1EA9C-A2AB-4413-9DB4-35A5C95A3DD2",
				"55A99D1F-A282-4E19-BCEE-92D9BA99AC78",
				"3F68D8D5-F5F7-49DB-9F82-7B4C121E376F"
			],
			"isa": "PBXGroup",
			"name": "src",
			"path": "src",
			"sourceTree": "<group>"
		},
		"E42962A92163ECCD00A6A9E2": {
			"alwaysOutOfDate": "1",
			"buildActionMask": "2147483647",
			"files": [],
			"inputPaths": [],
			"isa": "PBXShellScriptBuildPhase",
			"name": "Run Script — Compile OF",
			"outputPaths": [],
			"runOnlyForDeploymentPostprocessing": "0",
			"shellPath": "/bin/sh",
			"shellScript": "$OF_CORE_BUILD_COMMAND\n",
			"showEnvVarsInLog": "0"
		},
		"E4A5B60F29BAAAE400C2D356": {
			"buildActionMask": "2147483647",
			"dstPath": "",
			"dstSubfolderSpec": "6",
			"files": [],
			"isa": "PBXCopyFilesBuildPhase",
			"runOnlyForDeploymentPostprocessing": "0"
		},
		"E4B69B4A0A3A1720003C02F2": {
			"children": [
				"191CD6FA2847E21E0085CBB6",
				"E4B6FCAD0C3E899E008CF71C",
				"E4EB6923138AFD0F00A09F29",
				"E4B69E1C0A3A1BDC003C02F2",
				"191EF70929D778A400F35F26",
				"BB4B014C10F69532006C3DED",
				"E4B69B5B0A3A1756003C02F2",
				"285E561C-2B70-4884-9973-F542B81A2B59"
			],
			"isa": "PBXGroup",
			"sourceTree": "<group>"
		},
		"E4B69B4C0A3A1720003C02F2": {
			"attributes": {
				"BuildIndependentTargetsInParallel": "YES",
				"LastUpgradeCheck": "1540"
			},
			"buildConfigurationList": "E4B69B4D0A3A1720003C02F2",
			"compatibilityVersion": "Xcode 3.2",
			"developmentRegion": "en",
			"hasScannedForEncodings": "0",
			"isa": "PBXProject",
			"knownRegions": [
				"en",
				"Base"
			],
			"mainGroup": "E4B69B4A0A3A1720003C02F2",
			"productRefGroup": "E4B69B4A0A3A1720003C02F2",
			"projectDirPath": "",
			"projectRoot": "",
			"targets": [
				"E4B69B5A0A3A1756003C02F2"
			]
		},
		"E4B69B4D0A3A1720003C02F2": {
			"buildConfigurations": [
				"E4B69B4E0A3A1720003C02F2",
				"E4B69B4F0A3A1720003C02F2"
			],
			"defaultConfigurationIsVisible": "0",
			"defaultConfigurationName": "Release",
			"isa": "XCConfigurationList"
		},
		"E4B69B4E0A3A1720003C02F2": {
			"baseConfigurationReference": "E4EB6923138AFD0F00A09F29",
			"buildSettings": {
				"CODE_SIGN_ENTITLEMENTS": "of.entitlements",
				"COPY_PHASE_STRIP": "NO",
				"ENABLE_TESTABILITY": "YES",
				"GCC_OPTIMIZATION_LEVEL": "0",
				"GCC_WARN_UNUSED_VARIABLE": "NO",
				"HEADER_SEARCH_PATHS": [
					"$(OF_CORE_HEADERS)",
					"src"
				],
				"OTHER_CPLUSPLUSFLAGS": "-D__MACOSX_CORE__"
			},
			"isa": "XCBuildConfiguration",
			"name": "Debug"
		},
		"E4B69B4F0A3A1720003C02F2": {
			"baseConfigurationReference": "E4EB6923138AFD0F00A09F29",
			"buildSettings": {
				"CODE_SIGN_ENTITLEMENTS": "of.entitlements",
				"COPY_PHASE_STRIP": "YES",
				"GCC_OPTIMIZATION_LEVEL": "3",
				"GCC_UNROLL_LOOPS": "YES",
				"HEADER_SEARCH_PATHS": [
					"$(OF_CORE_HEADERS)",
					"src"
				],
				"OTHER_CPLUSPLUSFLAGS": "-D__MACOSX_CORE__"
			},
			"isa": "XCBuildConfiguration",
			"name": "Release"
		},
		"E4B69B580A3A1756003C02F2": {
			"buildActionMask": "2147483647",
			"files": [
				"E4B69E200A3A1BDC003C02F2",
				"E4B69E210A3A1BDC003C02F2",
				"208EC7F2-5F3A-4D34-BC57-D32F471897E3",
				"6DBA9939-13D9-49BB-9037-6215A271217B",
				"FA4B9C56-B9AC-476E-8FCA-CC3D6D31E4AE",
				"7C1AF497-1949-488A-9457-25C7125BE262",
				"CC9EA378-6010-49AF-8D41-50A30E3A379E",
				"144A5EE9-958D-448C-A128-75FFA82D53B9",
				"2DB48533-4F77-43FF-9868-592A43CE3571",
				"07AC5525-1763-4703-A814-95CE50D2FE25",
				"80E4D7D1-4E1C-4060-A720-1F657D0C0DBB",
				"066262BB-498C-424D-AFE7-B08061C87590",
				"BAE4519C-776D-4C1C-91FC-A7375D4DB6B3",
				"64100466-3284-49FD-8ABF-595D78560A9A",
				"977F21E7-4B8F-46CB-9684-79F1DCF24821",
				"1D0A4A4E-9AEB-4586-AAB9-3772661AB3C2",
				"FDFB5483-A130-4F0F-8331-49E9C73434CD",
				"C2A07DD1-CFCC-415B-AA8D-C4AEF0677236",
				"70D38BBB-DAA8-4AE6-B354-E27E054DBC22",
				"254516EF-0730-4F2B-8058-6180824AC155",
				"B746D869-C8BA-42EB-B62E-D053CCDA6748",
				"B5F874F5-09B9-41A1-AFE9-A49D6FDF8E02",
				"3F02E645-DB4A-45A2-9CF3-5034756DBEC8",
				"ADAB36E7-F23B-4046-ACED-B882076A96A6",
				"D465433B-DF12-4E71-969B-A66E7376652D",
				"B1BBEABD-9681-43C4-8661-A7146D2061C5"
			],
			"isa": "PBXSourcesBuildPhase",
			"runOnlyForDeploymentPostprocessing": "0"
		},
		"E4B69B590A3A1756003C02F2": {
			"buildActionMask": "2147483647",
			"files": [],
			"isa": "PBXFrameworksBuildPhase",
			"runOnlyForDeploymentPostprocessing": "0"
		},
		"E4B69B5A0A3A1756003C02F2": {
			"buildConfigurationList": "E4B69B5F0A3A1757003C02F2",
			"buildPhases": [
				"E42962A92163ECCD00A6A9E2",
				"E4B69B580A3A1756003C02F2",
				"E4B69B590A3A1756003C02F2",
				"E4C2427710CC5ABF004149E2",
				"E4A5B60F29BAAAE400C2D356",
				"19B789C429E5AB4A0082E9B8"
			],
			"buildRules": [],
			"dependencies": [],
			"isa": "PBXNativeTarget",
			"name": "of-flock-3d",
			"productName": "myOFApp",
			"productReference": "E4B69B5B0A3A1756003C02F2",
			"productType": "com.apple.product-type.application"
		},
		"E4B69B5B0A3A1756003C02F2": {
			"explicitFileType": "wrapper.application",
			"includeInIndex": "0",
			"isa": "PBXFileReference",
			"path": "of-flock-3dDebug.app",
			"sourceTree": "BUILT_PRODUCTS_DIR"
		},
		"E4B69B5F0A3A1757003C02F2": {
			"buildConfigurations": [
				"E4B69B600A3A1757003C02F2",
				"E4B69B610A3A1757003C02F2"
			],
			"defaultConfigurationIsVisible": "0",
			"defaultConfigurationName": "Release",
			"isa": "XCConfigurationList"
		},
		"E4B69B600A3A1757003C02F2": {
			"baseConfigurationReference": "E4EB6923138AFD0F00A09F29",
			"buildSettings": {
				"ARCHS": "$(ARCHS_STANDARD)",
				"COPY_PHASE_STRIP": "NO",
				"FRAMEWORK_SEARCH_PATHS": "$(inherited)",
				"GCC_DYNAMIC_NO_PIC": "NO",
				"HEADER_SEARCH_PATHS": [
					"$(OF_CORE_HEADERS)",
					"src",
					"src",
					"../../../OpenFramework/addons/ofxGui/src",
					"../../../OpenFramework/addons/ofxImGui/libs",
					"../../../OpenFramework/addons/ofxImGui/libs/imgui",
					"../../../OpenFramework/addons/ofxImGui/libs/imgui/src",
					"../../../OpenFramework/addons/ofxImGui/src"
				],
				"LIBRARY_SEARCH_PATHS": "$(inherited)",
				"OTHER_LDFLAGS": [
					"$(OF_CORE_LIBS)",
					"$(OF_CORE_FRAMEWORKS)",
					"$(LIB_OF_DEBUG)"
				]
			},
			"isa": "XCBuildConfiguration",
			"name": "Debug"
		},
		"E4B69B610A3A1757003C02F2": {
			"baseConfigurationReference": "E4EB6923138AFD0F00A09F29",
			"buildSettings": {
				"ARCHS": "$(ARCHS_STANDARD)",
				"COPY_PHASE_STRIP": "YES",
				"FRAMEWORK_SEARCH_PATHS": "$(inherited)",
				"HEADER_SEARCH_PATHS": [
					"$(OF_CORE_HEADERS)",
					"src",
					"src",
					"../../../OpenFramework/addons/ofxGui/src",
					"../../../OpenFramework/addons/ofxImGui/libs",
					"../../../OpenFramework/addons/ofxImGui/libs/imgui",
					"../../../OpenFramework/addons/ofxImGui/libs/imgui/src",
					"../../../OpenFramework/addons/ofxImGui/src"
				],
				"LIBRARY_SEARCH_PATHS": "$(inherited)",
				"OTHER_LDFLAGS": [
					"$(OF_CORE_LIBS)",
					"$(OF_CORE_FRAMEWORKS)",
					"$(LIB_OF_RELEASE)"
				],
				"baseConfigurationReference": "E4EB6923138AFD0F00A09F29"
			},
			"isa": "XCBuildConfiguration",
			"name": "Release"
		},
		"E4B69E1C0A3A1BDC003C02F2": {
			"children": [
				"E4B69E1D0A3A1BDC003C02F2",
				"E4B69E1E0A3A1BDC003C02F2",
				"E4B69E1F0A3A1BDC003C02F2",
				"E68A98FB-5E3C-49B3-926E-B2C1B18DEC33",
				"6C7F6F87-8CAC-460E-B59A-00A4C6C25F67",
				"16E69FF1-F2D0-485A-BEFD-465D6C31B062",
				"CAD3E9DF-47E0-42AE-AB8C-CF9F5D014F7A",
				"BC2B74FB-28A0-4975-B9B2-B66F33373F89"
			],
			"isa": "PBXGroup",
			"path": "src",
			"sourceTree": "SOURCE_ROOT"
		},
		"E4B69E1D0A3A1BDC003C02F2": {
			"fileEncoding": "4",
			"isa": "PBXFileReference",
			"lastKnownFileType": "sourcecode.cpp.cpp",
			"name": "main.cpp",
			"path": "src/main.cpp",
			"sourceTree": "SOURCE_ROOT"
		},
		"E4B69E1E0A3A1BDC003C02F2": {
			"explicitFileType": "sourcecode.cpp.cpp",
			"fileEncoding": "4",
			"isa": "PBXFileReference",
			"name": "ofApp.cpp",
			"path": "src/ofApp.cpp",
			"sourceTree": "SOURCE_ROOT"
		},
		"E4B69E1F0A3A1BDC003C02F2": {
			"fileEncoding": "4",
			"isa": "PBXFileReference",
			"lastKnownFileType": "sourcecode.c.h",
			"name": "ofApp.h",
			"path": "src/ofApp.h",
			"sourceTree": "SOURCE_ROOT"
		},
		"E4B69E200A3A1BDC003C02F2": {
			"fileRef": "E4B69E1D0A3A1BDC003C02F2",
			"isa": "PBXBuildFile"
		},
		"E4B69E210A3A1BDC003C02F2": {
			"fileRef": "E4B69E1E0A3A1BDC003C02F2",
			"isa": "PBXBuildFile"
		},
		"E4B6FCAD0C3E899E008CF71C": {
			"fileEncoding": "4",
			"isa": "PBXFileReference",
			"lastKnownFileType": "text.plist.xml",
			"path": "openFrameworks-Info.plist",
			"sourceTree": "<group>"
		},
		"E4C2427710CC5ABF004149E2": {
			"buildActionMask": "2147483647",
			"dstPath": "",
			"dstSubfolderSpec": "10",
			"files": [],
			"isa": "PBXCopyFilesBuildPhase",
			"runOnlyForDeploymentPostprocessing": "0"
		},
		"E4EB6923138AFD0F00A09F29": {
			"fileEncoding": "4",
			"isa": "PBXFileReference",
			"lastKnownFileType": "text.xcconfig",
			"path": "Project.xcconfig",
			"sourceTree": "<group>"
		},
		"E68A98FB-5E3C-49B3-926E-B2C1B18DEC33": {
			"fileEncoding": "4",
			"isa": "PBXFileReference",
			"lastKnownFileType": "sourcecode.cpp.cpp",
			"name": "Flock3D.cpp",
			"sourceTree": "<group>"
		},
		"EC73661A-C8A4-4109-9F6F-458D19CF7DE6": {
			"fileEncoding": "4",
			"isa": "PBXFileReference",
			"lastKnownFileType": "sourcecode.cpp.h",
			"name": "BaseEngine.h",
			"sourceTree": "<group>"
		},
		"F3835E1D-318E-448F-9256-D6F433A2E1D1": {
			"fileEncoding": "4",
			"isa": "PBXFileReference",
			"lastKnownFileType": "sourcecode.cpp.h",
			"name": "BaseTheme.h",
			"sourceTree": "<group>"
		},
		"F3B79F0C-DF6C-46AB-B5C6-5EBCEFB2F447": {
			"fileEncoding": "4",
			"isa": "PBXFileReference",
			"lastKnownFileType": "sourcecode.cpp.h",
			"name": "ofxImGuiLoggerChannel.h",
			"sourceTree": "<group>"
		},
		"F46A113F-F08D-4432-948E-0F1D248D263F": {
			"fileEncoding": "4",
			"isa": "PBXFileReference",
			"lastKnownFileType": "sourcecode.cpp.cpp",
			"name": "ofxSlider.cpp",
			"sourceTree": "<group>"
		},
		"FA4B9C56-B9AC-476E-8FCA-CC3D6D31E4AE": {
			"fileRef": "9843B8C0-F7CF-4FC5-9BEB-D6342B4716A4",
			"isa": "PBXBuildFile"
		},
		"FDFB5483-A130-4F0F-8331-49E9C73434CD": {
			"fileRef": "8ACECDBE-AD39-4C0E-A922-B0AAD3F68D6D",
			"isa": "PBXBuildFile"
		}
	},
	"rootObject": "E4B69B4C0A3A1720003C02F2"
}