{
	"_OFProjectGeneratorVersion": "0.103.0",
	"archiveVersion": "1",
	"classes": {},
	"objectVersion": "54",
	"objects": {
		"011CEA6A-93D4-4CF2-8FB4-2311131B0494": {
			"fileEncoding": "4",
			"isa": "PBXFileReference",
			"lastKnownFileType": "sourcecode.cpp.h",
			"name": "ofxGui.h",
			"sourceTree": "<group>"
		},
		"01D13117-3B20-4178-90F3-DB9F790D96D0": {
			"fileEncoding": "4",
			"isa": "PBXFileReference",
			"lastKnownFileType": "sourcecode.cpp.h",
			"name": "DefaultTheme.h",
			"sourceTree": "<group>"
		},
		"04C32B93-AA68-450C-A724-789D16A9989F": {
			"children": [
				"059BE12D-CBFE-4162-B6F0-9E5740BCF82B",
				"7C26C43E-481E-4769-B85A-20E2A1C513A7"
			],
			"isa": "PBXGroup",
			"name": "ofxImGui",
			"path": "ofxImGui",
			"sourceTree": "<group>"
		},
		"05299895-D6D4-430A-9303-49A2DCC300F5": {
			"fileRef": "DFCB6566-278B-42C4-A512-B7F459CEA879",
			"isa": "PBXBuildFile"
		},
		"059BE12D-CBFE-4162-B6F0-9E5740BCF82B": {
			"children": [
				"E385FC79-CEF9-41E2-9192-448F9ED0F1E0"
			],
			"isa": "PBXGroup",
			"name": "libs",
			"path": "libs",
			"sourceTree": "<group>"
		},
		"1141FFEC-9E72-4DC9-8135-35CF957073AA": {
			"fileRef": "90DD0FF9-5334-496D-9D94-2998ACCEDB86",
			"isa": "PBXBuildFile"
		},
		"119FE31E-ED5F-4BF9-B492-8E84549D7DF8": {
			"fileEncoding": "4",
			"isa": "PBXFileReference",
			"lastKnownFileType": "sourcecode.cpp.h",
			"name": "EngineVk.h",
			"sourceTree": "<group>"
		},
		"12239196-F6E0-43C8-B692-EE4642AFF86F": {
			"fileEncoding": "4",
			"isa": "PBXFileReference",
			"lastKnownFileType": "sourcecode.cpp.h",
			"name": "imstb_rectpack.h",
			"sourceTree": "<group>"
		},
		"13E86C91-4DAE-4ACE-89CE-8C8CE92ABDCF": {
			"fileRef": "D871AC05-8E4C-4996-9813-E14B850657C3",
			"isa": "PBXBuildFile"
		},
		"179A8558-822B-4976-AB1F-28F37B6F6068": {
			"fileEncoding": "4",
			"isa": "PBXFileReference",
			"lastKnownFileType": "sourcecode.cpp.h",
			"name": "ofxInputField.h",
			"sourceTree": "<group>"
		},
		"191CD6FA2847E21E0085CBB6": {
			"fileEncoding": "4",
			"isa": "PBXFileReference",
			"lastKnownFileType": "text.plist.entitlements",
			"path": "of.entitlements",
			"sourceTree": "<group>"
		},
		"191EF70929D778A400F35F26": {
			"isa": "PBXFileReference",
			"lastKnownFileType": "folder",
			"name": "openFrameworks",
			"path": "/Users/xuchenghao/Documents/OpenFramework/libs/openFrameworks",
			"sourceTree": "<absolute>"
		},
		"19B789C429E5AB4A0082E9B8": {
			"alwaysOutOfDate": "1",
			"buildActionMask": "2147483647",
			"files": [],
			"inputFileListPaths": [],
			"inputPaths": [],
			"isa": "PBXShellScriptBuildPhase",
			"outputFileListPaths": [],
			"outputPaths": [],
			"runOnlyForDeploymentPostprocessing": "0",
			"shellPath": "/bin/sh",
			"shellScript": "\"$OF_PATH/scripts/osx/xcode_project.sh\"\n",
			"showEnvVarsInLog": "0"
		},
		"258380F3-E445-4161-A6D9-FB2D11396ECB": {
			"fileEncoding": "4",
			"isa": "PBXFileReference",
			"lastKnownFileType": "sourcecode.cpp.h",
			"name": "Score.h",
			"sourceTree": "<group>"
		},
		"27A6BA13-1B93-4430-B45E-4771B72494B7": {
			"fileEncoding": "4",
			"isa": "PBXFileReference",
			"lastKnownFileType": "sourcecode.cpp.h",
			"name": "EngineGLFW.h",
			"sourceTree": "<group>"
		},
		"2D2D0660-DFF0-4044-8D23-6EF39F4E3CA6": {
			"fileEncoding": "4",
			"isa": "PBXFileReference",
			"lastKnownFileType": "sourcecode.cpp.h",
			"name": "EngineOpenGLES.h",
			"sourceTree": "<group>"
		},
		"2FE204F4-E4E4-455B-9E03-C1A5D5FB3D1E": {
			"fileEncoding": "4",
			"isa": "PBXFileReference",
			"lastKnownFileType": "sourcecode.cpp.cpp",
			"name": "ofxGuiGroup.cpp",
			"sourceTree": "<group>"
		},
		"3166CF8A-2042-408D-9D6A-C6E4109349DF": {
			"fileEncoding": "4",
			"isa": "PBXFileReference",
			"lastKnownFileType": "folder",
			"name": "data",
			"path": "bin/data",
			"sourceTree": "SOURCE_ROOT"
		},
		"3B83E606-E742-4543-A400-7935775BA36B": {
			"fileEncoding": "4",
			"isa": "PBXFileReference",
			"lastKnownFileType": "sourcecode.cpp.cpp",
			"name": "BaseEngine.cpp",
			"sourceTree": "<group>"
		},
		"3ECC9331-1845-4509-944E-1287A4E75C90": {
			"fileEncoding": "4",
			"isa": "PBXFileReference",
			"lastKnownFileType": "sourcecode.cpp.h",
			"name": "ofxSlider.h",
			"sourceTree": "<group>"
		},
		"40F7850D-13C7-4C92-B8C1-64ACEFF7AD38": {
			"fileEncoding": "4",
			"isa": "PBXFileReference",
			"lastKnownFileType": "sourcecode.cpp.h",
			"name": "imgui_internal.h",
			"sourceTree": "<group>"
		},
		"45E41226-3132-41DC-B933-93158F3B76C6": {
			"fileEncoding": "4",
			"isa": "PBXFileReference",
			"lastKnownFileType": "sourcecode.cpp.cpp",
			"name": "EngineGLFW.cpp",
			"sourceTree": "<group>"
		},
		"49B3FF8B-8168-4567-814A-3C4A3C750F31": {
			"fileEncoding": "4",
			"isa": "PBXFileReference",
			"lastKnownFileType": "sourcecode.cpp.h",
			"name": "imstb_textedit.h",
			"sourceTree": "<group>"
		},
		"4A019410-A106-45CB-A608-EA2B019B8866": {
			"fileRef": "3B83E606-E742-4543-A400-7935775BA36B",
			"isa": "PBXBuildFile"
		},
		"4A502795-06BC-4D94-9360-D10ACDA0D1A2": {
			"fileRef": "50678DA5-E89A-4CAB-9BF0-CA9790D3B6EB",
			"isa": "PBXBuildFile"
		},
		"4FF6D87A-4BBA-4B43-81C3-94C7031122D1": {
			"fileRef": "510B3CAD-571E-4835-8B53-A2038BA76C43",
			"isa": "PBXBuildFile"
		},
		"50678DA5-E89A-4CAB-9BF0-CA9790D3B6EB": {
			"fileEncoding": "4",
			"isa": "PBXFileReference",
			"lastKnownFileType": "sourcecode.cpp.cpp",
			"name": "imgui_widgets.cpp",
			"sourceTree": "<group>"
		},
		"507A47B1-5B8C-414D-955F-963D7E5A1C5D": {
			"fileRef": "EA23BEA1-E0C4-47D7-A6CC-F02DB5DD01B9",
			"isa": "PBXBuildFile"
		},
		"510B3CAD-571E-4835-8B53-A2038BA76C43": {
			"fileEncoding": "4",
			"isa": "PBXFileReference",
			"lastKnownFileType": "sourcecode.cpp.cpp",
			"name": "ofxInputField.cpp",
			"sourceTree": "<group>"
		},
		"58BAF4E3-0FEA-42B2-BA6C-84AF361BC34D": {
			"fileEncoding": "4",
			"isa": "PBXFileReference",
			"lastKnownFileType": "sourcecode.cpp.h",
			"name": "ofxGuiGroup.h",
			"sourceTree": "<group>"
		},
		"58FCEE4D-E85A-4BE1-A828-2FC711125877": {
			"fileEncoding": "4",
			"isa": "PBXFileReference",
			"lastKnownFileType": "sourcecode.cpp.h",
			"name": "MorphologyConductor.h",
			"sourceTree": "<group>"
		},
		"5AC20460-5BE7-42B1-881F-7D5AC598B8CC": {
			"fileRef": "5CA2392E-6DA4-44BD-8DB0-8677F72B7AE0",
			"isa": "PBXBuildFile"
		},
		"5CA2392E-6DA4-44BD-8DB0-8677F72B7AE0": {
			"fileEncoding": "4",
			"isa": "PBXFileReference",
			"lastKnownFileType": "sourcecode.cpp.cpp",
			"name": "ofxSlider.cpp",
			"sourceTree": "<group>"
		},
		"5DC56C7B-051E-40CF-B098-515AE3D11DE5": {
			"fileRef": "954B06A1-FF13-413C-91FE-010D73F4048C",
			"isa": "PBXBuildFile"
		},
		"5F78FD04-9879-459C-919B-71542E740978": {
			"fileEncoding": "4",
			"isa": "PBXFileReference",
			"lastKnownFileType": "sourcecode.cpp.h",
			"name": "BaseEngine.h",
			"sourceTree": "<group>"
		},
		"603E2836-D314-4C70-95F1-4F9B154C609C": {
			"fileEncoding": "4",
			"isa": "PBXFileReference",
			"lastKnownFileType": "sourcecode.cpp.h",
			"name": "EnergyStage.h",
			"sourceTree": "<group>"
		},
		"69EF243C-C386-49AE-B188-59938882FA1B": {
			"fileEncoding": "4",
			"isa": "PBXFileReference",
			"lastKnownFileType": "sourcecode.cpp.h",
			"name": "BaseTheme.h",
			"sourceTree": "<group>"
		},
		"6A1C7127-F96D-4138-8D95-BF32D38DF9E8": {
			"fileEncoding": "4",
			"isa": "PBXFileReference",
			"lastKnownFileType": "sourcecode.cpp.h",
			"name": "ImHelpers.h",
			"sourceTree": "<group>"
		},
		"6A939414-54E0-4471-8C05-7781D429D00C": {
			"children": [
				"EF9C5920-7212-44AD-925A-A4D3F383DB1C"
			],
			"isa": "PBXGroup",
			"name": "ofxGui",
			"path": "ofxGui",
			"sourceTree": "<group>"
		},
		"6D08FE7F-F379-4383-A3C2-F38729D6ACFE": {
			"fileEncoding": "4",
			"isa": "PBXFileReference",
			"lastKnownFileType": "sourcecode.cpp.h",
			"name": "ofxGuiUtils.h",
			"sourceTree": "<group>"
		},
		"6EB6A9EB-E52F-4F97-8E14-4583B8A5C2DE": {
			"fileEncoding": "4",
			"isa": "PBXFileReference",
			"lastKnownFileType": "sourcecode.cpp.cpp",
			"name": "ofxLabel.cpp",
			"sourceTree": "<group>"
		},
		"71B15DE0-512A-43F4-8405-8D0CA283905A": {
			"fileRef": "DFB24FAE-F7A3-404B-9594-10F8E7E6C1E1",
			"isa": "PBXBuildFile"
		},
		"762DAECA-7158-4801-8AD1-EA8619D4AFE3": {
			"fileEncoding": "4",
			"isa": "PBXFileReference",
			"lastKnownFileType": "sourcecode.cpp.h",
			"name": "Synchresis.h",
			"sourceTree": "<group>"
		},
		"76DADCF7-AA90-47CF-B88A-B7672A281FA1": {
			"fileRef": "7F6AF175-36D3-453A-B2BB-409991576824",
			"isa": "PBXBuildFile"
		},
		"7B1532AF-0ABC-4467-8529-274A694E91DD": {
			"fileRef": "E7CA21E2-D439-4242-ADD3-237E274AAFF2",
			"isa": "PBXBuildFile"
		},
		"7C26C43E-481E-4769-B85A-20E2A1C513A7": {
			"children": [
				"3B83E606-E742-4543-A400-7935775BA36B",
				"5F78FD04-9879-459C-919B-71542E740978",
				"69EF243C-C386-49AE-B188-59938882FA1B",
				"D871AC05-8E4C-4996-9813-E14B850657C3",
				"01D13117-3B20-4178-90F3-DB9F790D96D0",
				"45E41226-3132-41DC-B933-93158F3B76C6",
				"27A6BA13-1B93-4430-B45E-4771B72494B7",
				"C93918E0-2D86-4B54-BEA7-F201982A7884",
				"2D2D0660-DFF0-4044-8D23-6EF39F4E3CA6",
				"E7CA21E2-D439-4242-ADD3-237E274AAFF2",
				"119FE31E-ED5F-4BF9-B492-8E84549D7DF8",
				"CB81D6F4-DEBC-4DB5-B78C-3CB94D272D19",
				"E8E41ED2-4D81-43D1-A224-7984DA5A667E",
				"954B06A1-FF13-413C-91FE-010D73F4048C",
				"6A1C7127-F96D-4138-8D95-BF32D38DF9E8",
				"A3F3DF9B-5F8E-40C3-AF79-C2FD7DE0A251",
				"F34F3E58-5DDE-4CE6-9C26-0A803DF52C43",
				"A3337AE1-D5AD-4F83-84BE-38B916C8044F",
				"85866A48-C6FF-4B18-93EA-3A63FD53E06B"
			],
			"isa": "PBXGroup",
			"name": "src",
			"path": "src",
			"sourceTree": "<group>"
		},
		"7F6AF175-36D3-453A-B2BB-409991576824": {
			"fileEncoding": "4",
			"isa": "PBXFileReference",
			"lastKnownFileType": "sourcecode.cpp.cpp",
			"name": "imgui.cpp",
			"sourceTree": "<group>"
		},
		"85866A48-C6FF-4B18-93EA-3A63FD53E06B": {
			"fileEncoding": "4",
			"isa": "PBXFileReference",
			"lastKnownFileType": "sourcecode.cpp.h",
			"name": "ofxImGuiLoggerChannel.h",
			"sourceTree": "<group>"
		},
		"85D7737A-7F96-489D-85DE-ECABA02E3840": {
			"fileRef": "A3337AE1-D5AD-4F83-84BE-38B916C8044F",
			"isa": "PBXBuildFile"
		},
		"8E5B5EE3-A3CE-4DCF-B61A-AB6633A02CE9": {
			"fileEncoding": "4",
			"isa": "PBXFileReference",
			"lastKnownFileType": "sourcecode.cpp.cpp",
			"name": "imgui_demo.cpp",
			"sourceTree": "<group>"
		},
		"90C3637B-0DC5-4333-9A16-15BCED3D55C8": {
			"fileEncoding": "4",
			"isa": "PBXFileReference",
			"lastKnownFileType": "sourcecode.cpp.cpp",
			"name": "Flock3D.cpp",
			"sourceTree": "<group>"
		},
		"90DD0FF9-5334-496D-9D94-2998ACCEDB86": {
			"fileEncoding": "4",
			"isa": "PBXFileReference",
			"lastKnownFileType": "sourcecode.cpp.cpp",
			"name": "Score.cpp",
			"sourceTree": "<group>"
		},
		"9430F67A-DC01-4C1A-9D18-6344475A02FF": {
			"fileRef": "BE03E760-892F-41B3-9D5A-55812D146AE0",
			"isa": "PBXBuildFile"
		},
		"954B06A1-FF13-413C-91FE-010D73F4048C": {
			"fileEncoding": "4",
			"isa": "PBXFileReference",
			"lastKnownFileType": "sourcecode.cpp.cpp",
			"name": "ImHelpers.cpp",
			"sourceTree": "<group>"
		},
		"9765BA38-D9FB-4475-8AA5-273E7A2FB78F": {
			"fileRef": "90C3637B-0DC5-4333-9A16-15BCED3D55C8",
			"isa": "PBXBuildFile"
		},
		"98567CC1-5743-4783-9C51-D8D0D56561E1": {
			"fileRef": "B5B9C255-B08A-4A5A-98B7-13A1E02DAF2C",
			"isa": "PBXBuildFile"
		},
		"9909AC1E-E681-425B-AE9E-C4253E366ECC": {
			"fileRef": "E0246773-7A85-45A4-8398-73604BCE1790",
			"isa": "PBXBuildFile"
		},
		"9ED8636B-13F2-45B7-8B44-90C39A2260F0": {
			"fileEncoding": "4",
			"isa": "PBXFileReference",
			"lastKnownFileType": "sourcecode.cpp.h",
			"name": "ofxSliderGroup.h",
			"sourceTree": "<group>"
		},
		"A0559F9F-1027-404B-B1A6-6BF75F01E99D": {
			"fileEncoding": "4",
			"isa": "PBXFileReference",
			"lastKnownFileType": "sourcecode.cpp.h",
			"name": "ofxToggle.h",
			"sourceTree": "<group>"
		},
		"A2B1A490-B71B-493C-9204-EC83995DC6D0": {
			"fileEncoding": "4",
			"isa": "PBXFileReference",
			"lastKnownFileType": "sourcecode.cpp.h",
			"name": "ofxPanel.h",
			"sourceTree": "<group>"
		},
		"A3337AE1-D5AD-4F83-84BE-38B916C8044F": {
			"fileEncoding": "4",
			"isa": "PBXFileReference",
			"lastKnownFileType": "sourcecode.cpp.cpp",
			"name": "ofxImGuiLoggerChannel.cpp",
			"sourceTree": "<group>"
		},
		"A3F3DF9B-5F8E-40C3-AF79-C2FD7DE0A251": {
			"fileEncoding": "4",
			"isa": "PBXFileReference",
			"lastKnownFileType": "sourcecode.cpp.h",
			"name": "imconfig.h",
			"sourceTree": "<group>"
		},
		"A690BA68-6364-4710-B2B3-8E59518C641B": {
			"fileEncoding": "4",
			"isa": "PBXFileReference",
			"lastKnownFileType": "sourcecode.cpp.h",
			"name": "ofxButton.h",
			"sourceTree": "<group>"
		},
		"AC26C78F-D297-47E6-87D1-E6358CDC95C8": {
			"fileRef": "C93918E0-2D86-4B54-BEA7-F201982A7884",
			"isa": "PBXBuildFile"
		},
		"B1246288-093B-4E31-B649-7A22F5006C26": {
			"fileRef": "6EB6A9EB-E52F-4F97-8E14-4583B8A5C2DE",
			"isa": "PBXBuildFile"
		},
		"B158C6FA-4C98-42D8-AD1B-7CB91FD8BD18": {
			"fileRef": "2FE204F4-E4E4-455B-9E03-C1A5D5FB3D1E",
			"isa": "PBXBuildFile"
		},
		"B5B9C255-B08A-4A5A-98B7-13A1E02DAF2C": {
			"fileEncoding": "4",
			"isa": "PBXFileReference",
			"lastKnownFileType": "sourcecode.cpp.cpp",
			"name": "MorphologyConductor.cpp",
			"sourceTree": "<group>"
		},
		"B69D1857-84E9-48F6-BF68-E9290F648DD4": {
			"fileEncoding": "4",
			"isa": "PBXFileReference",
			"lastKnownFileType": "sourcecode.cpp.h",
			"name": "ofxLabel.h",
			"sourceTree": "<group>"
		},
		"BB4B014C10F69532006C3DED": {
			"children": [
				"6A939414-54E0-4471-8C05-7781D429D00C",
				"04C32B93-AA68-450C-A724-789D16A9989F"
			],
			"isa": "PBXGroup",
			"name": "addons",
			"path": "/Users/xuchenghao/Documents/OpenFramework/addons",
			"sourceTree": "<absolute>"
		},
		"BC005F2B-81DB-4908-B92A-32FA5980E356": {
			"fileEncoding": "4",
			"isa": "PBXFileReference",
			"lastKnownFileType": "sourcecode.cpp.h",
			"name": "ofxBaseGui.h",
			"sourceTree": "<group>"
		},
		"BC0AB85B-680F-46E2-8993-E33AD8D4E80A": {
			"fileEncoding": "4",
			"isa": "PBXFileReference",
			"lastKnownFileType": "sourcecode.cpp.h",
			"name": "ofxColorPicker.h",
			"sourceTree": "<group>"
		},
		"BE03E760-892F-41B3-9D5A-55812D146AE0": {
			"fileEncoding": "4",
			"isa": "PBXFileReference",
			"lastKnownFileType": "sourcecode.cpp.cpp",
			"name": "Synth.cpp",
			"sourceTree": "<group>"
		},
		"C3F2B69A-7B0E-4676-A98D-50625EDA3B72": {
			"fileRef": "CB81D6F4-DEBC-4DB5-B78C-3CB94D272D19",
			"isa": "PBXBuildFile"
		},
		"C93918E0-2D86-4B54-BEA7-F201982A7884": {
			"fileEncoding": "4",
			"isa": "PBXFileReference",
			"lastKnownFileType": "sourcecode.cpp.cpp",
			"name": "EngineOpenGLES.cpp",
			"sourceTree": "<group>"
		},
		"CB81D6F4-DEBC-4DB5-B78C-3CB94D272D19": {
			"fileEncoding": "4",
			"isa": "PBXFileReference",
			"lastKnownFileType": "sourcecode.cpp.cpp",
			"name": "Gui.cpp",
			"sourceTree": "<group>"
		},
		"CF2F5861-383E-4E2A-95E9-A1707A225061": {
			"fileEncoding": "4",
			"isa": "PBXFileReference",
			"lastKnownFileType": "sourcecode.cpp.h",
			"name": "Synth.h",
			"sourceTree": "<group>"
		},
		"CFF0C4FA-FF02-4DFC-B983-5760B511597F": {
			"fileEncoding": "4",
			"isa": "PBXFileReference",
			"lastKnownFileType": "sourcecode.cpp.cpp",
			"name": "ofxColorPicker.cpp",
			"sourceTree": "<group>"
		},
		"D06A6430-38CE-466D-81C2-B721A7DF9617": {
			"fileEncoding": "4",
			"isa": "PBXFileReference",
			"lastKnownFileType": "sourcecode.cpp.cpp",
			"name": "Synchresis.cpp",
			"sourceTree": "<group>"
		},
		"D48A0012-4900-4F5D-940C-E8BD93BAA601": {
			"fileEncoding": "4",
			"isa": "PBXFileReference",
			"lastKnownFileType": "sourcecode.cpp.cpp",
			"name": "ofxPanel.cpp",
			"sourceTree": "<group>"
		},
		"D51AA3A5-8002-4630-99F7-4353FB12755B": {
			"fileEncoding": "4",
			"isa": "PBXFileReference",
			"lastKnownFileType": "sourcecode.cpp.h",
			"name": "imstb_truetype.h",
			"sourceTree": "<group>"
		},
		"D6901840-B27F-4C05-9F20-9CAFE0A7DF5E": {
			"fileRef": "8E5B5EE3-A3CE-4DCF-B61A-AB6633A02CE9",
			"isa": "PBXBuildFile"
		},
		"D871AC05-8E4C-4996-9813-E14B850657C3": {
			"fileEncoding": "4",
			"isa": "PBXFileReference",
			"lastKnownFileType": "sourcecode.cpp.cpp",
			"name": "DefaultTheme.cpp",
			"sourceTree": "<group>"
		},
		"DFB24FAE-F7A3-404B-9594-10F8E7E6C1E1": {
			"fileEncoding": "4",
			"isa": "PBXFileReference",
			"lastKnownFileType": "sourcecode.cpp.cpp",
			"name": "imgui_draw.cpp",
			"sourceTree": "<group>"
		},
		"DFCB6566-278B-42C4-A512-B7F459CEA879": {
			"fileEncoding": "4",
			"isa": "PBXFileReference",
			"lastKnownFileType": "sourcecode.cpp.cpp",
			"name": "ofxSliderGroup.cpp",
			"sourceTree": "<group>"
		},
		"E0246773-7A85-45A4-8398-73604BCE1790": {
			"fileEncoding": "4",
			"isa": "PBXFileReference",
			"lastKnownFileType": "sourcecode.cpp.cpp",
			"name": "ofxToggle.cpp",
			"sourceTree": "<group>"
		},
		"E385FC79-CEF9-41E2-9192-448F9ED0F1E0": {
			"children": [
				"EE758751-05C6-400E-8AC2-89F04B54198A"
			],
			"isa": "PBXGroup",
			"name": "imgui",
			"path": "imgui",
			"sourceTree": "<group>"
		},
		"E42962A92163ECCD00A6A9E2": {
			"alwaysOutOfDate": "1",
			"buildActionMask": "2147483647",
			"files": [],
			"inputPaths": [],
			"isa": "PBXShellScriptBuildPhase",
			"name": "Run Script — Compile OF",
			"outputPaths": [],
			"runOnlyForDeploymentPostprocessing": "0",
			"shellPath": "/bin/sh",
			"shellScript": "$OF_CORE_BUILD_COMMAND\n",
			"showEnvVarsInLog": "0"
		},
		"E4A5B60F29BAAAE400C2D356": {
			"buildActionMask": "2147483647",
			"dstPath": "",
			"dstSubfolderSpec": "6",
			"files": [],
			"isa": "PBXCopyFilesBuildPhase",
			"runOnlyForDeploymentPostprocessing": "0"
		},
		"E4B69B4A0A3A1720003C02F2": {
			"children": [
				"191CD6FA2847E21E0085CBB6",
				"E4B6FCAD0C3E899E008CF71C",
				"E4EB6923138AFD0F00A09F29",
				"E4B69E1C0A3A1BDC003C02F2",
				"191EF70929D778A400F35F26",
				"BB4B014C10F69532006C3DED",
				"E4B69B5B0A3A1756003C02F2",
				"3166CF8A-2042-408D-9D6A-C6E4109349DF"
			],
			"isa": "PBXGroup",
			"sourceTree": "<group>"
		},
		"E4B69B4C0A3A1720003C02F2": {
			"attributes": {
				"BuildIndependentTargetsInParallel": "YES",
				"LastUpgradeCheck": "1540"
			},
			"buildConfigurationList": "E4B69B4D0A3A1720003C02F2",
			"compatibilityVersion": "Xcode 3.2",
			"developmentRegion": "en",
			"hasScannedForEncodings": "0",
			"isa": "PBXProject",
			"knownRegions": [
				"en",
				"Base"
			],
			"mainGroup": "E4B69B4A0A3A1720003C02F2",
			"productRefGroup": "E4B69B4A0A3A1720003C02F2",
			"projectDirPath": "",
			"projectRoot": "",
			"targets": [
				"E4B69B5A0A3A1756003C02F2"
			]
		},
		"E4B69B4D0A3A1720003C02F2": {
			"buildConfigurations": [
				"E4B69B4E0A3A1720003C02F2",
				"E4B69B4F0A3A1720003C02F2"
			],
			"defaultConfigurationIsVisible": "0",
			"defaultConfigurationName": "Release",
			"isa": "XCConfigurationList"
		},
		"E4B69B4E0A3A1720003C02F2": {
			"baseConfigurationReference": "E4EB6923138AFD0F00A09F29",
			"buildSettings": {
				"CODE_SIGN_ENTITLEMENTS": "of.entitlements",
				"COPY_PHASE_STRIP": "NO",
				"ENABLE_TESTABILITY": "YES",
				"GCC_OPTIMIZATION_LEVEL": "0",
				"GCC_WARN_UNUSED_VARIABLE": "NO",
				"HEADER_SEARCH_PATHS": [
					"$(OF_CORE_HEADERS)",
					"src"
				],
				"OTHER_CPLUSPLUSFLAGS": "-D__MACOSX_CORE__"
			},
			"isa": "XCBuildConfiguration",
			"name": "Debug"
		},
		"E4B69B4F0A3A1720003C02F2": {
			"baseConfigurationReference": "E4EB6923138AFD0F00A09F29",
			"buildSettings": {
				"CODE_SIGN_ENTITLEMENTS": "of.entitlements",
				"COPY_PHASE_STRIP": "YES",
				"GCC_OPTIMIZATION_LEVEL": "3",
				"GCC_UNROLL_LOOPS": "YES",
				"HEADER_SEARCH_PATHS": [
					"$(OF_CORE_HEADERS)",
					"src"
				],
				"OTHER_CPLUSPLUSFLAGS": "-D__MACOSX_CORE__"
			},
			"isa": "XCBuildConfiguration",
			"name": "Release"
		},
		"E4B69B580A3A1756003C02F2": {
			"buildActionMask": "2147483647",
			"files": [
				"E4B69E200A3A1BDC003C02F2",
				"E4B69E210A3A1BDC003C02F2",
				"9765BA38-D9FB-4475-8AA5-273E7A2FB78F",
				"98567CC1-5743-4783-9C51-D8D0D56561E1",
				"1141FFEC-9E72-4DC9-8135-35CF957073AA",
				"F0EBAC60-05D8-4050-9FB7-8168104CD9B5",
				"9430F67A-DC01-4C1A-9D18-6344475A02FF",
				"507A47B1-5B8C-414D-955F-963D7E5A1C5D",
				"F2A74914-7C52-4951-A8AF-536D3D5797E8",
				"F4BE1EB7-817F-4731-A556-49EFDC8CDA78",
				"B158C6FA-4C98-42D8-AD1B-7CB91FD8BD18",
				"4FF6D87A-4BBA-4B43-81C3-94C7031122D1",
				"B1246288-093B-4E31-B649-7A22F5006C26",
				"E7219EA9-D7AF-44E4-9D92-C35B8F2943AD",
				"5AC20460-5BE7-42B1-881F-7D5AC598B8CC",
				"05299895-D6D4-430A-9303-49A2DCC300F5",
				"9909AC1E-E681-425B-AE9E-C4253E366ECC",
				"76DADCF7-AA90-47CF-B88A-B7672A281FA1",
				"D6901840-B27F-4C05-9F20-9CAFE0A7DF5E",
				"71B15DE0-512A-43F4-8405-8D0CA283905A",
				"4A502795-06BC-4D94-9360-D10ACDA0D1A2",
				"4A019410-A106-45CB-A608-EA2B019B8866",
				"13E86C91-4DAE-4ACE-89CE-8C8CE92ABDCF",
				"F121B9E3-62AD-48A2-900D-5CE0AC1C7ACD",
				"AC26C78F-D297-47E6-87D1-E6358CDC95C8",
				"7B1532AF-0ABC-4467-8529-274A694E91DD",
				"C3F2B69A-7B0E-4676-A98D-50625EDA3B72",
				"5DC56C7B-051E-40CF-B098-515AE3D11DE5",
				"85D7737A-7F96-489D-85DE-ECABA02E3840"
			],
			"isa": "PBXSourcesBuildPhase",
			"runOnlyForDeploymentPostprocessing": "0"
		},
		"E4B69B590A3A1756003C02F2": {
			"buildActionMask": "2147483647",
			"files": [],
			"isa": "PBXFrameworksBuildPhase",
			"runOnlyForDeploymentPostprocessing": "0"
		},
		"E4B69B5A0A3A1756003C02F2": {
			"buildConfigurationList": "E4B69B5F0A3A1757003C02F2",
			"buildPhases": [
				"E42962A92163ECCD00A6A9E2",
				"E4B69B580A3A1756003C02F2",
				"E4B69B590A3A1756003C02F2",
				"E4C2427710CC5ABF004149E2",
				"E4A5B60F29BAAAE400C2D356",
				"19B789C429E5AB4A0082E9B8"
			],
			"buildRules": [],
			"dependencies": [],
			"isa": "PBXNativeTarget",
			"name": "of-flock-3d",
			"productName": "myOFApp",
			"productReference": "E4B69B5B0A3A1756003C02F2",
			"productType": "com.apple.product-type.application"
		},
		"E4B69B5B0A3A1756003C02F2": {
			"explicitFileType": "wrapper.application",
			"includeInIndex": "0",
			"isa": "PBXFileReference",
			"path": "of-flock-3dDebug.app",
			"sourceTree": "BUILT_PRODUCTS_DIR"
		},
		"E4B69B5F0A3A1757003C02F2": {
			"buildConfigurations": [
				"E4B69B600A3A1757003C02F2",
				"E4B69B610A3A1757003C02F2"
			],
			"defaultConfigurationIsVisible": "0",
			"defaultConfigurationName": "Release",
			"isa": "XCConfigurationList"
		},
		"E4B69B600A3A1757003C02F2": {
			"baseConfigurationReference": "E4EB6923138AFD0F00A09F29",
			"buildSettings": {
				"ARCHS": "$(ARCHS_STANDARD)",
				"COPY_PHASE_STRIP": "NO",
				"FRAMEWORK_SEARCH_PATHS": "$(inherited)",
				"GCC_DYNAMIC_NO_PIC": "NO",
				"HEADER_SEARCH_PATHS": [
					"$(OF_CORE_HEADERS)",
					"src",
					"src",
					"../../../OpenFramework/addons/ofxGui/src",
					"../../../OpenFramework/addons/ofxImGui/libs",
					"../../../OpenFramework/addons/ofxImGui/libs/imgui",
					"../../../OpenFramework/addons/ofxImGui/libs/imgui/src",
					"../../../OpenFramework/addons/ofxImGui/src"
				],
				"LIBRARY_SEARCH_PATHS": "$(inherited)",
				"OTHER_LDFLAGS": [
					"$(OF_CORE_LIBS)",
					"$(OF_CORE_FRAMEWORKS)",
					"$(LIB_OF_DEBUG)"
				]
			},
			"isa": "XCBuildConfiguration",
			"name": "Debug"
		},
		"E4B69B610A3A1757003C02F2": {
			"baseConfigurationReference": "E4EB6923138AFD0F00A09F29",
			"buildSettings": {
				"ARCHS": "$(ARCHS_STANDARD)",
				"COPY_PHASE_STRIP": "YES",
				"FRAMEWORK_SEARCH_PATHS": "$(inherited)",
				"HEADER_SEARCH_PATHS": [
					"$(OF_CORE_HEADERS)",
					"src",
					"src",
					"../../../OpenFramework/addons/ofxGui/src",
					"../../../OpenFramework/addons/ofxImGui/libs",
					"../../../OpenFramework/addons/ofxImGui/libs/imgui",
					"../../../OpenFramework/addons/ofxImGui/libs/imgui/src",
					"../../../OpenFramework/addons/ofxImGui/src"
				],
				"LIBRARY_SEARCH_PATHS": "$(inherited)",
				"OTHER_LDFLAGS": [
					"$(OF_CORE_LIBS)",
					"$(OF_CORE_FRAMEWORKS)",
					"$(LIB_OF_RELEASE)"
				],
				"baseConfigurationReference": "E4EB6923138AFD0F00A09F29"
			},
			"isa": "XCBuildConfiguration",
			"name": "Release"
		},
		"E4B69E1C0A3A1BDC003C02F2": {
			"children": [
				"E4B69E1D0A3A1BDC003C02F2",
				"E4B69E1E0A3A1BDC003C02F2",
				"E4B69E1F0A3A1BDC003C02F2",
				"603E2836-D314-4C70-95F1-4F9B154C609C",
				"90C3637B-0DC5-4333-9A16-15BCED3D55C8",
				"F93EEF81-FC6E-4CB0-87E7-39B682D2D58B",
				"FA390104-052A-4843-BFE7-2942CB30A764",
				"B5B9C255-B08A-4A5A-98B7-13A1E02DAF2C",
				"58FCEE4D-E85A-4BE1-A828-2FC711125877",
				"90DD0FF9-5334-496D-9D94-2998ACCEDB86",
				"258380F3-E445-4161-A6D9-FB2D11396ECB",
				"D06A6430-38CE-466D-81C2-B721A7DF9617",
				"762DAECA-7158-4801-8AD1-EA8619D4AFE3",
				"BE03E760-892F-41B3-9D5A-55812D146AE0",
				"CF2F5861-383E-4E2A-95E9-A1707A225061"
			],
			"isa": "PBXGroup",
			"path": "src",
			"sourceTree": "SOURCE_ROOT"
		},
		"E4B69E1D0A3A1BDC003C02F2": {
			"fileEncoding": "4",
			"isa": "PBXFileReference",
			"lastKnownFileType": "sourcecode.cpp.cpp",
			"name": "main.cpp",
			"path": "src/main.cpp",
			"sourceTree": "SOURCE_ROOT"
		},
		"E4B69E1E0A3A1BDC003C02F2": {
			"explicitFileType": "sourcecode.cpp.cpp",
			"fileEncoding": "4",
			"isa": "PBXFileReference",
			"name": "ofApp.cpp",
			"path": "src/ofApp.cpp",
			"sourceTree": "SOURCE_ROOT"
		},
		"E4B69E1F0A3A1BDC003C02F2": {
			"fileEncoding": "4",
			"isa": "PBXFileReference",
			"lastKnownFileType": "sourcecode.c.h",
			"name": "ofApp.h",
			"path": "src/ofApp.h",
			"sourceTree": "SOURCE_ROOT"
		},
		"E4B69E200A3A1BDC003C02F2": {
			"fileRef": "E4B69E1D0A3A1BDC003C02F2",
			"isa": "PBXBuildFile"
		},
		"E4B69E210A3A1BDC003C02F2": {
			"fileRef": "E4B69E1E0A3A1BDC003C02F2",
			"isa": "PBXBuildFile"
		},
		"E4B6FCAD0C3E899E008CF71C": {
			"fileEncoding": "4",
			"isa": "PBXFileReference",
			"lastKnownFileType": "text.plist.xml",
			"path": "openFrameworks-Info.plist",
			"sourceTree": "<group>"
		},
		"E4C2427710CC5ABF004149E2": {
			"buildActionMask": "2147483647",
			"dstPath": "",
			"dstSubfolderSpec": "10",
			"files": [],
			"isa": "PBXCopyFilesBuildPhase",
			"runOnlyForDeploymentPostprocessing": "0"
		},
		"E4EB6923138AFD0F00A09F29": {
			"fileEncoding": "4",
			"isa": "PBXFileReference",
			"lastKnownFileType": "text.xcconfig",
			"path": "Project.xcconfig",
			"sourceTree": "<group>"
		},
		"E7219EA9-D7AF-44E4-9D92-C35B8F2943AD": {
			"fileRef": "D48A0012-4900-4F5D-940C-E8BD93BAA601",
			"isa": "PBXBuildFile"
		},
		"E7CA21E2-D439-4242-ADD3-237E274AAFF2": {
			"fileEncoding": "4",
			"isa": "PBXFileReference",
			"lastKnownFileType": "sourcecode.cpp.cpp",
			"name": "EngineVk.cpp",
			"sourceTree": "<group>"
		},
		"E884E5C7-4BE5-4987-91DC-8E8D7C2BD73D": {
			"fileEncoding": "4",
			"isa": "PBXFileReference",
			"lastKnownFileType": "sourcecode.cpp.h",
			"name": "imgui.h",
			"sourceTree": "<group>"
		},
		"E8E41ED2-4D81-43D1-A224-7984DA5A667E": {
			"fileEncoding": "4",
			"isa": "PBXFileReference",
			"lastKnownFileType": "sourcecode.cpp.h",
			"name": "Gui.h",
			"sourceTree": "<group>"
		},
		"EA23BEA1-E0C4-47D7-A6CC-F02DB5DD01B9": {
			"fileEncoding": "4",
			"isa": "PBXFileReference",
			"lastKnownFileType": "sourcecode.cpp.cpp",
			"name": "ofxBaseGui.cpp",
			"sourceTree": "<group>"
		},
		"EE758751-05C6-400E-8AC2-89F04B54198A": {
			"children": [
				"7F6AF175-36D3-453A-B2BB-409991576824",
				"E884E5C7-4BE5-4987-91DC-8E8D7C2BD73D",
				"8E5B5EE3-A3CE-4DCF-B61A-AB6633A02CE9",
				"DFB24FAE-F7A3-404B-9594-10F8E7E6C1E1",
				"40F7850D-13C7-4C92-B8C1-64ACEFF7AD38",
				"50678DA5-E89A-4CAB-9BF0-CA9790D3B6EB",
				"12239196-F6E0-43C8-B692-EE4642AFF86F",
				"49B3FF8B-8168-4567-814A-3C4A3C750F31",
				"D51AA3A5-8002-4630-99F7-4353FB12755B"
			],
			"isa": "PBXGroup",
			"name": "src",
			"path": "src",
			"sourceTree": "<group>"
		},
		"EF9C5920-7212-44AD-925A-A4D3F383DB1C": {
			"children": [
				"EA23BEA1-E0C4-47D7-A6CC-F02DB5DD01B9",
				"BC005F2B-81DB-4908-B92A-32FA5980E356",
				"F079BF96-E0C6-4A33-8AFF-B4B88F40EDBA",
				"A690BA68-6364-4710-B2B3-8E59518C641B",
				"CFF0C4FA-FF02-4DFC-B983-5760B511597F",
				"BC0AB85B-680F-46E2-8993-E33AD8D4E80A",
				"011CEA6A-93D4-4CF2-8FB4-2311131B0494",
				"2FE204F4-E4E4-455B-9E03-C1A5D5FB3D1E",
				"58BAF4E3-0FEA-42B2-BA6C-84AF361BC34D",
				"6D08FE7F-F379-4383-A3C2-F38729D6ACFE",
				"510B3CAD-571E-4835-8B53-A2038BA76C43",
				"179A8558-822B-4976-AB1F-28F37B6F6068",
				"6EB6A9EB-E52F-4F97-8E14-4583B8A5C2DE",
				"B69D1857-84E9-48F6-BF68-E9290F648DD4",
				"D48A0012-4900-4F5D-940C-E8BD93BAA601",
				"A2B1A490-B71B-493C-9204-EC83995DC6D0",
				"5CA2392E-6DA4-44BD-8DB0-8677F72B7AE0",
				"3ECC9331-1845-4509-944E-1287A4E75C90",
				"DFCB6566-278B-42C4-A512-B7F459CEA879",
				"9ED8636B-13F2-45B7-8B44-90C39A2260F0",
				"E0246773-7A85-45A4-8398-73604BCE1790",
				"A0559F9F-1027-404B-B1A6-6BF75F01E99D"
			],
			"isa": "PBXGroup",
			"name": "src",
			"path": "src",
			"sourceTree": "<group>"
		},
		"F079BF96-E0C6-4A33-8AFF-B4B88F40EDBA": {
			"fileEncoding": "4",
			"isa": "PBXFileReference",
			"lastKnownFileType": "sourcecode.cpp.cpp",
			"name": "ofxButton.cpp",
			"sourceTree": "<group>"
		},
		"F0EBAC60-05D8-4050-9FB7-8168104CD9B5": {
			"fileRef": "D06A6430-38CE-466D-81C2-B721A7DF9617",
			"isa": "PBXBuildFile"
		},
		"F121B9E3-62AD-48A2-900D-5CE0AC1C7ACD": {
			"fileRef": "45E41226-3132-41DC-B933-93158F3B76C6",
			"isa": "PBXBuildFile"
		},
		"F2A74914-7C52-4951-A8AF-536D3D5797E8": {
			"fileRef": "F079BF96-E0C6-4A33-8AFF-B4B88F40EDBA",
			"isa": "PBXBuildFile"
		},
		"F34F3E58-5DDE-4CE6-9C26-0A803DF52C43": {
			"fileEncoding": "4",
			"isa": "PBXFileReference",
			"lastKnownFileType": "sourcecode.cpp.h",
			"name": "ofxImGui.h",
			"sourceTree": "<group>"
		},
		"F4BE1EB7-817F-4731-A556-49EFDC8CDA78": {
			"fileRef": "CFF0C4FA-FF02-4DFC-B983-5760B511597F",
			"isa": "PBXBuildFile"
		},
		"F93EEF81-FC6E-4CB0-87E7-39B682D2D58B": {
			"fileEncoding": "4",
			"isa": "PBXFileReference",
			"lastKnownFileType": "sourcecode.cpp.h",
			"name": "Flock3D.h",
			"sourceTree": "<group>"
		},
		"FA390104-052A-4843-BFE7-2942CB30A764": {
			"fileEncoding": "4",
			"isa": "PBXFileReference",
			"lastKnownFileType": "sourcecode.cpp.h",
			"name": "ImGuiHelpers.h",
			"sourceTree": "<group>"
		}
	},
	"rootObject": "E4B69B4C0A3A1720003C02F2"
}